
Microsoft Visual Studio Solution File, Format Version 12.00
# Visual Studio Version 16
VisualStudioVersion = 16.0.28729.10
MinimumVisualStudioVersion = 10.0.40219.1
Project("{FAE04EC0-301F-11D3-BF4B-00C04F79EFBC}") = "Tutorial1", "Tutorial1\Tutorial1.csproj", "{F9A172AB-F240-474B-B6DB-E63B9E7E5C4E}"
EndProject
Project("{FAE04EC0-301F-11D3-BF4B-00C04F79EFBC}") = "Tutorial2", "Tutorial2\Tutorial2.csproj", "{A6856ABE-99A8-479C-808E-503BE76F28BF}"
EndProject
Project("{FAE04EC0-301F-11D3-BF4B-00C04F79EFBC}") = "Tutorial3", "Tutorial3\Tutorial3.csproj", "{66CCD625-43B0-4869-BD01-340E6E753ECD}"
EndProject
Global
	GlobalSection(SolutionConfigurationPlatforms) = preSolution
		Debug|Any CPU = Debug|Any CPU
		Release|Any CPU = Release|Any CPU
	EndGlobalSection
	GlobalSection(ProjectConfigurationPlatforms) = postSolution
		{F9A172AB-F240-474B-B6DB-E63B9E7E5C4E}.Debug|Any CPU.ActiveCfg = Debug|Any CPU
		{F9A172AB-F240-474B-B6DB-E63B9E7E5C4E}.Debug|Any CPU.Build.0 = Debug|Any CPU
		{F9A172AB-F240-474B-B6DB-E63B9E7E5C4E}.Release|Any CPU.ActiveCfg = Release|Any CPU
		{F9A172AB-F240-474B-B6DB-E63B9E7E5C4E}.Release|Any CPU.Build.0 = Release|Any CPU
		{A6856ABE-99A8-479C-808E-503BE76F28BF}.Debug|Any CPU.ActiveCfg = Debug|Any CPU
		{A6856ABE-99A8-479C-808E-503BE76F28BF}.Debug|Any CPU.Build.0 = Debug|Any CPU
		{A6856ABE-99A8-479C-808E-503BE76F28BF}.Release|Any CPU.ActiveCfg = Release|Any CPU
		{A6856ABE-99A8-479C-808E-503BE76F28BF}.Release|Any CPU.Build.0 = Release|Any CPU
		{66CCD625-43B0-4869-BD01-340E6E753ECD}.Debug|Any CPU.ActiveCfg = Debug|Any CPU
		{66CCD625-43B0-4869-BD01-340E6E753ECD}.Debug|Any CPU.Build.0 = Debug|Any CPU
		{66CCD625-43B0-4869-BD01-340E6E753ECD}.Release|Any CPU.ActiveCfg = Release|Any CPU
		{66CCD625-43B0-4869-BD01-340E6E753ECD}.Release|Any CPU.Build.0 = Release|Any CPU
	EndGlobalSection
	GlobalSection(SolutionProperties) = preSolution
		HideSolutionNode = FALSE
	EndGlobalSection
	GlobalSection(ExtensibilityGlobals) = postSolution
		SolutionGuid = {5DDA4C8A-01AA-4C2E-90C9-41FFB5D50BC2}
	EndGlobalSection
EndGlobal
